
Microsoft Visual Studio Solution File, Format Version 12.00
# Visual Studio Version 17
VisualStudioVersion = 17.2.32505.173
MinimumVisualStudioVersion = 10.0.40219.1
Project("{FAE04EC0-301F-11D3-BF4B-00C04F79EFBC}") = "SpecFlowCalculator", "SpecFlowCalculator\SpecFlowCalculator.csproj", "{610A8E4D-E888-45C6-8AD6-202169A0823B}"
EndProject
Project("{FAE04EC0-301F-11D3-BF4B-00C04F79EFBC}") = "SpecFlowCalculator.specs", "SpecFlowCalculator.specs\SpecFlowCalculator.specs.csproj", "{153D4EBD-0B43-4757-9E3F-ADFA034F5E6F}"
EndProject
Global
	GlobalSection(SolutionConfigurationPlatforms) = preSolution
		Debug|Any CPU = Debug|Any CPU
		Release|Any CPU = Release|Any CPU
	EndGlobalSection
	GlobalSection(ProjectConfigurationPlatforms) = postSolution
		{610A8E4D-E888-45C6-8AD6-202169A0823B}.Debug|Any CPU.ActiveCfg = Debug|Any CPU
		{610A8E4D-E888-45C6-8AD6-202169A0823B}.Debug|Any CPU.Build.0 = Debug|Any CPU
		{610A8E4D-E888-45C6-8AD6-202169A0823B}.Release|Any CPU.ActiveCfg = Release|Any CPU
		{610A8E4D-E888-45C6-8AD6-202169A0823B}.Release|Any CPU.Build.0 = Release|Any CPU
		{153D4EBD-0B43-4757-9E3F-ADFA034F5E6F}.Debug|Any CPU.ActiveCfg = Debug|Any CPU
		{153D4EBD-0B43-4757-9E3F-ADFA034F5E6F}.Debug|Any CPU.Build.0 = Debug|Any CPU
		{153D4EBD-0B43-4757-9E3F-ADFA034F5E6F}.Release|Any CPU.ActiveCfg = Release|Any CPU
		{153D4EBD-0B43-4757-9E3F-ADFA034F5E6F}.Release|Any CPU.Build.0 = Release|Any CPU
	EndGlobalSection
	GlobalSection(SolutionProperties) = preSolution
		HideSolutionNode = FALSE
	EndGlobalSection
	GlobalSection(ExtensibilityGlobals) = postSolution
		SolutionGuid = {AE9F06A6-A3F3-4DC2-8747-6D94CC312D2B}
	EndGlobalSection
EndGlobal
